
Microsoft Visual Studio Solution File, Format Version 12.00
# Visual Studio Version 17
VisualStudioVersion = 17.1.32407.343
MinimumVisualStudioVersion = 10.0.40219.1
Project("{FAE04EC0-301F-11D3-BF4B-00C04F79EFBC}") = "Сиргиенко Софья экзаменн ПМ 02", "Сиргиенко Софья экзаменн ПМ 02\Сиргиенко Софья экзаменн ПМ 02.csproj", "{BC694699-9049-46C7-8C50-44BFC6B93FAE}"
EndProject
Project("{FAE04EC0-301F-11D3-BF4B-00C04F79EFBC}") = "UnitTestProject2", "UnitTestProject2\UnitTestProject2.csproj", "{790F0CC0-F138-4349-8598-6E8283024186}"
EndProject
Global
	GlobalSection(SolutionConfigurationPlatforms) = preSolution
		Debug|Any CPU = Debug|Any CPU
		Release|Any CPU = Release|Any CPU
	EndGlobalSection
	GlobalSection(ProjectConfigurationPlatforms) = postSolution
		{BC694699-9049-46C7-8C50-44BFC6B93FAE}.Debug|Any CPU.ActiveCfg = Debug|Any CPU
		{BC694699-9049-46C7-8C50-44BFC6B93FAE}.Debug|Any CPU.Build.0 = Debug|Any CPU
		{BC694699-9049-46C7-8C50-44BFC6B93FAE}.Release|Any CPU.ActiveCfg = Release|Any CPU
		{BC694699-9049-46C7-8C50-44BFC6B93FAE}.Release|Any CPU.Build.0 = Release|Any CPU
		{790F0CC0-F138-4349-8598-6E8283024186}.Debug|Any CPU.ActiveCfg = Debug|Any CPU
		{790F0CC0-F138-4349-8598-6E8283024186}.Debug|Any CPU.Build.0 = Debug|Any CPU
		{790F0CC0-F138-4349-8598-6E8283024186}.Release|Any CPU.ActiveCfg = Release|Any CPU
		{790F0CC0-F138-4349-8598-6E8283024186}.Release|Any CPU.Build.0 = Release|Any CPU
	EndGlobalSection
	GlobalSection(SolutionProperties) = preSolution
		HideSolutionNode = FALSE
	EndGlobalSection
	GlobalSection(ExtensibilityGlobals) = postSolution
		SolutionGuid = {BDA903D3-CB17-4821-959D-8656012D81DF}
	EndGlobalSection
EndGlobal
